
Microsoft Visual Studio Solution File, Format Version 12.00
# Visual Studio Version 17
VisualStudioVersion = 17.5.33516.290
MinimumVisualStudioVersion = 10.0.40219.1
Project("{9A19103F-16F7-4668-BE54-9A1E7A4F7556}") = "BulkyBook", "BulkyBook\BulkyBook.csproj", "{2FF48896-DAC3-4251-A635-60D80757E7D3}"
EndProject
Project("{9A19103F-16F7-4668-BE54-9A1E7A4F7556}") = "BulkyWebRazorPages", "BulkyWebRazorPages\BulkyWebRazorPages.csproj", "{F2583F70-8030-41F5-9B53-3217854B599E}"
EndProject
Project("{FAE04EC0-301F-11D3-BF4B-00C04F79EFBC}") = "Bulk.DataAccess", "Bulk.DataAccess\Bulk.DataAccess.csproj", "{8B82CEC1-9A20-46F9-AE3E-CC792CDA0082}"
EndProject
Project("{FAE04EC0-301F-11D3-BF4B-00C04F79EFBC}") = "Bulky.Models", "Bulky.Models\Bulky.Models.csproj", "{9AED6867-9B6F-4B7F-A405-A209F40F03C5}"
EndProject
Project("{FAE04EC0-301F-11D3-BF4B-00C04F79EFBC}") = "Bulky.Utility", "Bulky.Utility\Bulky.Utility.csproj", "{AE7FAEED-72F7-4D3D-8E89-6AFC1B220830}"
EndProject
Global
	GlobalSection(SolutionConfigurationPlatforms) = preSolution
		Debug|Any CPU = Debug|Any CPU
		Release|Any CPU = Release|Any CPU
	EndGlobalSection
	GlobalSection(ProjectConfigurationPlatforms) = postSolution
		{2FF48896-DAC3-4251-A635-60D80757E7D3}.Debug|Any CPU.ActiveCfg = Debug|Any CPU
		{2FF48896-DAC3-4251-A635-60D80757E7D3}.Debug|Any CPU.Build.0 = Debug|Any CPU
		{2FF48896-DAC3-4251-A635-60D80757E7D3}.Release|Any CPU.ActiveCfg = Release|Any CPU
		{2FF48896-DAC3-4251-A635-60D80757E7D3}.Release|Any CPU.Build.0 = Release|Any CPU
		{F2583F70-8030-41F5-9B53-3217854B599E}.Debug|Any CPU.ActiveCfg = Debug|Any CPU
		{F2583F70-8030-41F5-9B53-3217854B599E}.Debug|Any CPU.Build.0 = Debug|Any CPU
		{F2583F70-8030-41F5-9B53-3217854B599E}.Release|Any CPU.ActiveCfg = Release|Any CPU
		{F2583F70-8030-41F5-9B53-3217854B599E}.Release|Any CPU.Build.0 = Release|Any CPU
		{8B82CEC1-9A20-46F9-AE3E-CC792CDA0082}.Debug|Any CPU.ActiveCfg = Debug|Any CPU
		{8B82CEC1-9A20-46F9-AE3E-CC792CDA0082}.Debug|Any CPU.Build.0 = Debug|Any CPU
		{8B82CEC1-9A20-46F9-AE3E-CC792CDA0082}.Release|Any CPU.ActiveCfg = Release|Any CPU
		{8B82CEC1-9A20-46F9-AE3E-CC792CDA0082}.Release|Any CPU.Build.0 = Release|Any CPU
		{9AED6867-9B6F-4B7F-A405-A209F40F03C5}.Debug|Any CPU.ActiveCfg = Debug|Any CPU
		{9AED6867-9B6F-4B7F-A405-A209F40F03C5}.Debug|Any CPU.Build.0 = Debug|Any CPU
		{9AED6867-9B6F-4B7F-A405-A209F40F03C5}.Release|Any CPU.ActiveCfg = Release|Any CPU
		{9AED6867-9B6F-4B7F-A405-A209F40F03C5}.Release|Any CPU.Build.0 = Release|Any CPU
		{AE7FAEED-72F7-4D3D-8E89-6AFC1B220830}.Debug|Any CPU.ActiveCfg = Debug|Any CPU
		{AE7FAEED-72F7-4D3D-8E89-6AFC1B220830}.Debug|Any CPU.Build.0 = Debug|Any CPU
		{AE7FAEED-72F7-4D3D-8E89-6AFC1B220830}.Release|Any CPU.ActiveCfg = Release|Any CPU
		{AE7FAEED-72F7-4D3D-8E89-6AFC1B220830}.Release|Any CPU.Build.0 = Release|Any CPU
	EndGlobalSection
	GlobalSection(SolutionProperties) = preSolution
		HideSolutionNode = FALSE
	EndGlobalSection
	GlobalSection(ExtensibilityGlobals) = postSolution
		SolutionGuid = {B6D16496-27D4-42F1-8461-31519547F9A7}
	EndGlobalSection
EndGlobal
