
Microsoft Visual Studio Solution File, Format Version 12.00
# Visual Studio Version 17
VisualStudioVersion = 17.5.33516.290
MinimumVisualStudioVersion = 10.0.40219.1
Project("{9A19103F-16F7-4668-BE54-9A1E7A4F7556}") = "BulkyBook", "BulkyBook\BulkyBook.csproj", "{2FF48896-DAC3-4251-A635-60D80757E7D3}"
EndProject
Project("{9A19103F-16F7-4668-BE54-9A1E7A4F7556}") = "BulkyWebRazorPages", "BulkyWebRazorPages\BulkyWebRazorPages.csproj", "{F2583F70-8030-41F5-9B53-3217854B599E}"
EndProject
Global
	GlobalSection(SolutionConfigurationPlatforms) = preSolution
		Debug|Any CPU = Debug|Any CPU
		Release|Any CPU = Release|Any CPU
	EndGlobalSection
	GlobalSection(ProjectConfigurationPlatforms) = postSolution
		{2FF48896-DAC3-4251-A635-60D80757E7D3}.Debug|Any CPU.ActiveCfg = Debug|Any CPU
		{2FF48896-DAC3-4251-A635-60D80757E7D3}.Debug|Any CPU.Build.0 = Debug|Any CPU
		{2FF48896-DAC3-4251-A635-60D80757E7D3}.Release|Any CPU.ActiveCfg = Release|Any CPU
		{2FF48896-DAC3-4251-A635-60D80757E7D3}.Release|Any CPU.Build.0 = Release|Any CPU
		{F2583F70-8030-41F5-9B53-3217854B599E}.Debug|Any CPU.ActiveCfg = Debug|Any CPU
		{F2583F70-8030-41F5-9B53-3217854B599E}.Debug|Any CPU.Build.0 = Debug|Any CPU
		{F2583F70-8030-41F5-9B53-3217854B599E}.Release|Any CPU.ActiveCfg = Release|Any CPU
		{F2583F70-8030-41F5-9B53-3217854B599E}.Release|Any CPU.Build.0 = Release|Any CPU
	EndGlobalSection
	GlobalSection(SolutionProperties) = preSolution
		HideSolutionNode = FALSE
	EndGlobalSection
	GlobalSection(ExtensibilityGlobals) = postSolution
		SolutionGuid = {B6D16496-27D4-42F1-8461-31519547F9A7}
	EndGlobalSection
EndGlobal
